
Microsoft Visual Studio Solution File, Format Version 12.00
# Visual Studio Version 17
VisualStudioVersion = 17.0.31903.59
MinimumVisualStudioVersion = 10.0.40219.1
Project("{2150E333-8FDC-42A3-9474-1A3956D46DE8}") = "src", "src", "{91BEB14D-3E32-48B0-BBAF-4CE6A6CD0BFF}"
EndProject
Project("{2150E333-8FDC-42A3-9474-1A3956D46DE8}") = "Services", "Services", "{BB58EDDE-E8E2-4E9D-ACA1-EB61DCE03D47}"
EndProject
Project("{2150E333-8FDC-42A3-9474-1A3956D46DE8}") = "Catalog", "Catalog", "{0DD556CE-99A3-40B3-9A0C-FC80D1CC2D2D}"
EndProject
Project("{9A19103F-16F7-4668-BE54-9A1E7A4F7556}") = "Catalog.Domain", "src\Services\Catalog\Catalog.Domain\Catalog.Domain.csproj", "{3CF04CE4-9A61-4F01-A07C-2F1321AA5828}"
EndProject
Project("{9A19103F-16F7-4668-BE54-9A1E7A4F7556}") = "Catalog.Application", "src\Services\Catalog\Catalog.Application\Catalog.Application.csproj", "{B60FEEC0-D2B3-472E-B541-57B429FEEE4F}"
EndProject
Project("{9A19103F-16F7-4668-BE54-9A1E7A4F7556}") = "Catalog.Infrastructure", "src\Services\Catalog\Catalog.Infrastructure\Catalog.Infrastructure.csproj", "{8C305E57-8DD3-49D8-A3EC-D9959BAA333E}"
EndProject
Project("{9A19103F-16F7-4668-BE54-9A1E7A4F7556}") = "Catalog.API", "src\Services\Catalog\Catalog.API\Catalog.API.csproj", "{A43923C3-3448-4C59-866E-9F691D91E205}"
EndProject
Project("{E53339B2-1760-4266-BCC7-CA923CBCF16C}") = "docker-compose", "docker-compose.dcproj", "{F37DA0E9-9A43-42F9-B819-8CE16EC3F9A5}"
EndProject
Global
	GlobalSection(SolutionConfigurationPlatforms) = preSolution
		Debug|Any CPU = Debug|Any CPU
		Release|Any CPU = Release|Any CPU
	EndGlobalSection
	GlobalSection(ProjectConfigurationPlatforms) = postSolution
		{3CF04CE4-9A61-4F01-A07C-2F1321AA5828}.Debug|Any CPU.ActiveCfg = Debug|Any CPU
		{3CF04CE4-9A61-4F01-A07C-2F1321AA5828}.Debug|Any CPU.Build.0 = Debug|Any CPU
		{3CF04CE4-9A61-4F01-A07C-2F1321AA5828}.Release|Any CPU.ActiveCfg = Release|Any CPU
		{3CF04CE4-9A61-4F01-A07C-2F1321AA5828}.Release|Any CPU.Build.0 = Release|Any CPU
		{B60FEEC0-D2B3-472E-B541-57B429FEEE4F}.Debug|Any CPU.ActiveCfg = Debug|Any CPU
		{B60FEEC0-D2B3-472E-B541-57B429FEEE4F}.Debug|Any CPU.Build.0 = Debug|Any CPU
		{B60FEEC0-D2B3-472E-B541-57B429FEEE4F}.Release|Any CPU.ActiveCfg = Release|Any CPU
		{B60FEEC0-D2B3-472E-B541-57B429FEEE4F}.Release|Any CPU.Build.0 = Release|Any CPU
		{8C305E57-8DD3-49D8-A3EC-D9959BAA333E}.Debug|Any CPU.ActiveCfg = Debug|Any CPU
		{8C305E57-8DD3-49D8-A3EC-D9959BAA333E}.Debug|Any CPU.Build.0 = Debug|Any CPU
		{8C305E57-8DD3-49D8-A3EC-D9959BAA333E}.Release|Any CPU.ActiveCfg = Release|Any CPU
		{8C305E57-8DD3-49D8-A3EC-D9959BAA333E}.Release|Any CPU.Build.0 = Release|Any CPU
		{A43923C3-3448-4C59-866E-9F691D91E205}.Debug|Any CPU.ActiveCfg = Debug|Any CPU
		{A43923C3-3448-4C59-866E-9F691D91E205}.Debug|Any CPU.Build.0 = Debug|Any CPU
		{A43923C3-3448-4C59-866E-9F691D91E205}.Release|Any CPU.ActiveCfg = Release|Any CPU
		{A43923C3-3448-4C59-866E-9F691D91E205}.Release|Any CPU.Build.0 = Release|Any CPU
		{F37DA0E9-9A43-42F9-B819-8CE16EC3F9A5}.Debug|Any CPU.ActiveCfg = Debug|Any CPU
		{F37DA0E9-9A43-42F9-B819-8CE16EC3F9A5}.Debug|Any CPU.Build.0 = Debug|Any CPU
		{F37DA0E9-9A43-42F9-B819-8CE16EC3F9A5}.Release|Any CPU.ActiveCfg = Release|Any CPU
		{F37DA0E9-9A43-42F9-B819-8CE16EC3F9A5}.Release|Any CPU.Build.0 = Release|Any CPU
	EndGlobalSection
	GlobalSection(SolutionProperties) = preSolution
		HideSolutionNode = FALSE
	EndGlobalSection
	GlobalSection(NestedProjects) = preSolution
		{BB58EDDE-E8E2-4E9D-ACA1-EB61DCE03D47} = {91BEB14D-3E32-48B0-BBAF-4CE6A6CD0BFF}
		{0DD556CE-99A3-40B3-9A0C-FC80D1CC2D2D} = {BB58EDDE-E8E2-4E9D-ACA1-EB61DCE03D47}
		{3CF04CE4-9A61-4F01-A07C-2F1321AA5828} = {0DD556CE-99A3-40B3-9A0C-FC80D1CC2D2D}
		{B60FEEC0-D2B3-472E-B541-57B429FEEE4F} = {0DD556CE-99A3-40B3-9A0C-FC80D1CC2D2D}
		{8C305E57-8DD3-49D8-A3EC-D9959BAA333E} = {0DD556CE-99A3-40B3-9A0C-FC80D1CC2D2D}
		{A43923C3-3448-4C59-866E-9F691D91E205} = {0DD556CE-99A3-40B3-9A0C-FC80D1CC2D2D}
	EndGlobalSection
EndGlobal
