
Microsoft Visual Studio Solution File, Format Version 12.00
# Visual Studio Version 17
VisualStudioVersion = 17.0.31903.59
MinimumVisualStudioVersion = 10.0.40219.1
Project("{2150E333-8FDC-42A3-9474-1A3956D46DE8}") = "src", "src", "{91BEB14D-3E32-48B0-BBAF-4CE6A6CD0BFF}"
EndProject
Project("{2150E333-8FDC-42A3-9474-1A3956D46DE8}") = "Services", "Services", "{BB58EDDE-E8E2-4E9D-ACA1-EB61DCE03D47}"
EndProject
Project("{2150E333-8FDC-42A3-9474-1A3956D46DE8}") = "Catalog", "Catalog", "{0DD556CE-99A3-40B3-9A0C-FC80D1CC2D2D}"
EndProject
Project("{9A19103F-16F7-4668-BE54-9A1E7A4F7556}") = "Catalog.Domain", "src\Services\Catalog\Catalog.Domain\Catalog.Domain.csproj", "{3CF04CE4-9A61-4F01-A07C-2F1321AA5828}"
EndProject
Project("{9A19103F-16F7-4668-BE54-9A1E7A4F7556}") = "Catalog.Application", "src\Services\Catalog\Catalog.Application\Catalog.Application.csproj", "{B60FEEC0-D2B3-472E-B541-57B429FEEE4F}"
EndProject
Project("{9A19103F-16F7-4668-BE54-9A1E7A4F7556}") = "Catalog.Infrastructure", "src\Services\Catalog\Catalog.Infrastructure\Catalog.Infrastructure.csproj", "{8C305E57-8DD3-49D8-A3EC-D9959BAA333E}"
EndProject
Project("{9A19103F-16F7-4668-BE54-9A1E7A4F7556}") = "Catalog.API", "src\Services\Catalog\Catalog.API\Catalog.API.csproj", "{A43923C3-3448-4C59-866E-9F691D91E205}"
EndProject
Project("{2150E333-8FDC-42A3-9474-1A3956D46DE8}") = "Basket", "Basket", "{90000627-DAE0-4FCA-9A64-250ACB5733DC}"
EndProject
Project("{9A19103F-16F7-4668-BE54-9A1E7A4F7556}") = "Basket.Domain", "src\Services\Basket\Basket.Domain\Basket.Domain.csproj", "{AAB8CF78-F54E-4BA0-9D3C-8D6D4F2517C3}"
EndProject
Project("{9A19103F-16F7-4668-BE54-9A1E7A4F7556}") = "Basket.Application", "src\Services\Basket\Basket.Application\Basket.Application.csproj", "{E710B43B-E667-42E1-BDBE-81F937782388}"
EndProject
Project("{9A19103F-16F7-4668-BE54-9A1E7A4F7556}") = "Basket.Infrastructure", "src\Services\Basket\Basket.Infrastructure\Basket.Infrastructure.csproj", "{53AA4D8D-A135-4FF1-9AB7-807C1BCCF137}"
EndProject
Project("{9A19103F-16F7-4668-BE54-9A1E7A4F7556}") = "Basket.API", "src\Services\Basket\Basket.API\Basket.API.csproj", "{304135A5-6772-46E1-A905-4CE799583B86}"
EndProject
Project("{2150E333-8FDC-42A3-9474-1A3956D46DE8}") = "Discount", "Discount", "{F9C8156F-1B0B-4964-BA66-577BCE4254DF}"
EndProject
Project("{FAE04EC0-301F-11D3-BF4B-00C04F79EFBC}") = "Discount.Domain", "src\Services\Discount\Discount.Domain\Discount.Domain.csproj", "{E9E6EADD-373A-4B29-8ADD-F0C889E9D65E}"
EndProject
Project("{FAE04EC0-301F-11D3-BF4B-00C04F79EFBC}") = "Discount.Application", "src\Services\Discount\Discount.Application\Discount.Application.csproj", "{B660DD78-727F-42ED-BC1D-4A9DB5D80BA4}"
EndProject
Project("{FAE04EC0-301F-11D3-BF4B-00C04F79EFBC}") = "Discount.Infrastructure", "src\Services\Discount\Discount.Infrastructure\Discount.Infrastructure.csproj", "{4E8240C2-B15B-435E-80DC-5361AA1915C8}"
EndProject
Project("{FAE04EC0-301F-11D3-BF4B-00C04F79EFBC}") = "Discount.API", "src\Services\Discount\Discount.API\Discount.API.csproj", "{2C075835-34F2-4E59-9D14-B3F4122B35DA}"
EndProject
Global
	GlobalSection(SolutionConfigurationPlatforms) = preSolution
		Debug|Any CPU = Debug|Any CPU
		Release|Any CPU = Release|Any CPU
	EndGlobalSection
	GlobalSection(ProjectConfigurationPlatforms) = postSolution
		{3CF04CE4-9A61-4F01-A07C-2F1321AA5828}.Debug|Any CPU.ActiveCfg = Debug|Any CPU
		{3CF04CE4-9A61-4F01-A07C-2F1321AA5828}.Debug|Any CPU.Build.0 = Debug|Any CPU
		{3CF04CE4-9A61-4F01-A07C-2F1321AA5828}.Release|Any CPU.ActiveCfg = Release|Any CPU
		{3CF04CE4-9A61-4F01-A07C-2F1321AA5828}.Release|Any CPU.Build.0 = Release|Any CPU
		{B60FEEC0-D2B3-472E-B541-57B429FEEE4F}.Debug|Any CPU.ActiveCfg = Debug|Any CPU
		{B60FEEC0-D2B3-472E-B541-57B429FEEE4F}.Debug|Any CPU.Build.0 = Debug|Any CPU
		{B60FEEC0-D2B3-472E-B541-57B429FEEE4F}.Release|Any CPU.ActiveCfg = Release|Any CPU
		{B60FEEC0-D2B3-472E-B541-57B429FEEE4F}.Release|Any CPU.Build.0 = Release|Any CPU
		{8C305E57-8DD3-49D8-A3EC-D9959BAA333E}.Debug|Any CPU.ActiveCfg = Debug|Any CPU
		{8C305E57-8DD3-49D8-A3EC-D9959BAA333E}.Debug|Any CPU.Build.0 = Debug|Any CPU
		{8C305E57-8DD3-49D8-A3EC-D9959BAA333E}.Release|Any CPU.ActiveCfg = Release|Any CPU
		{8C305E57-8DD3-49D8-A3EC-D9959BAA333E}.Release|Any CPU.Build.0 = Release|Any CPU
		{A43923C3-3448-4C59-866E-9F691D91E205}.Debug|Any CPU.ActiveCfg = Debug|Any CPU
		{A43923C3-3448-4C59-866E-9F691D91E205}.Debug|Any CPU.Build.0 = Debug|Any CPU
		{A43923C3-3448-4C59-866E-9F691D91E205}.Release|Any CPU.ActiveCfg = Release|Any CPU
		{A43923C3-3448-4C59-866E-9F691D91E205}.Release|Any CPU.Build.0 = Release|Any CPU
		{AAB8CF78-F54E-4BA0-9D3C-8D6D4F2517C3}.Debug|Any CPU.ActiveCfg = Debug|Any CPU
		{AAB8CF78-F54E-4BA0-9D3C-8D6D4F2517C3}.Debug|Any CPU.Build.0 = Debug|Any CPU
		{AAB8CF78-F54E-4BA0-9D3C-8D6D4F2517C3}.Release|Any CPU.ActiveCfg = Release|Any CPU
		{AAB8CF78-F54E-4BA0-9D3C-8D6D4F2517C3}.Release|Any CPU.Build.0 = Release|Any CPU
		{E710B43B-E667-42E1-BDBE-81F937782388}.Debug|Any CPU.ActiveCfg = Debug|Any CPU
		{E710B43B-E667-42E1-BDBE-81F937782388}.Debug|Any CPU.Build.0 = Debug|Any CPU
		{E710B43B-E667-42E1-BDBE-81F937782388}.Release|Any CPU.ActiveCfg = Release|Any CPU
		{E710B43B-E667-42E1-BDBE-81F937782388}.Release|Any CPU.Build.0 = Release|Any CPU
		{53AA4D8D-A135-4FF1-9AB7-807C1BCCF137}.Debug|Any CPU.ActiveCfg = Debug|Any CPU
		{53AA4D8D-A135-4FF1-9AB7-807C1BCCF137}.Debug|Any CPU.Build.0 = Debug|Any CPU
		{53AA4D8D-A135-4FF1-9AB7-807C1BCCF137}.Release|Any CPU.ActiveCfg = Release|Any CPU
		{53AA4D8D-A135-4FF1-9AB7-807C1BCCF137}.Release|Any CPU.Build.0 = Release|Any CPU
		{304135A5-6772-46E1-A905-4CE799583B86}.Debug|Any CPU.ActiveCfg = Debug|Any CPU
		{304135A5-6772-46E1-A905-4CE799583B86}.Debug|Any CPU.Build.0 = Debug|Any CPU
		{304135A5-6772-46E1-A905-4CE799583B86}.Release|Any CPU.ActiveCfg = Release|Any CPU
		{304135A5-6772-46E1-A905-4CE799583B86}.Release|Any CPU.Build.0 = Release|Any CPU
		{E9E6EADD-373A-4B29-8ADD-F0C889E9D65E}.Debug|Any CPU.ActiveCfg = Debug|Any CPU
		{E9E6EADD-373A-4B29-8ADD-F0C889E9D65E}.Debug|Any CPU.Build.0 = Debug|Any CPU
		{E9E6EADD-373A-4B29-8ADD-F0C889E9D65E}.Release|Any CPU.ActiveCfg = Release|Any CPU
		{E9E6EADD-373A-4B29-8ADD-F0C889E9D65E}.Release|Any CPU.Build.0 = Release|Any CPU
		{B660DD78-727F-42ED-BC1D-4A9DB5D80BA4}.Debug|Any CPU.ActiveCfg = Debug|Any CPU
		{B660DD78-727F-42ED-BC1D-4A9DB5D80BA4}.Debug|Any CPU.Build.0 = Debug|Any CPU
		{B660DD78-727F-42ED-BC1D-4A9DB5D80BA4}.Release|Any CPU.ActiveCfg = Release|Any CPU
		{B660DD78-727F-42ED-BC1D-4A9DB5D80BA4}.Release|Any CPU.Build.0 = Release|Any CPU
		{4E8240C2-B15B-435E-80DC-5361AA1915C8}.Debug|Any CPU.ActiveCfg = Debug|Any CPU
		{4E8240C2-B15B-435E-80DC-5361AA1915C8}.Debug|Any CPU.Build.0 = Debug|Any CPU
		{4E8240C2-B15B-435E-80DC-5361AA1915C8}.Release|Any CPU.ActiveCfg = Release|Any CPU
		{4E8240C2-B15B-435E-80DC-5361AA1915C8}.Release|Any CPU.Build.0 = Release|Any CPU
		{2C075835-34F2-4E59-9D14-B3F4122B35DA}.Debug|Any CPU.ActiveCfg = Debug|Any CPU
		{2C075835-34F2-4E59-9D14-B3F4122B35DA}.Debug|Any CPU.Build.0 = Debug|Any CPU
		{2C075835-34F2-4E59-9D14-B3F4122B35DA}.Release|Any CPU.ActiveCfg = Release|Any CPU
		{2C075835-34F2-4E59-9D14-B3F4122B35DA}.Release|Any CPU.Build.0 = Release|Any CPU
	EndGlobalSection
	GlobalSection(SolutionProperties) = preSolution
		HideSolutionNode = FALSE
	EndGlobalSection
	GlobalSection(NestedProjects) = preSolution
		{BB58EDDE-E8E2-4E9D-ACA1-EB61DCE03D47} = {91BEB14D-3E32-48B0-BBAF-4CE6A6CD0BFF}
		{0DD556CE-99A3-40B3-9A0C-FC80D1CC2D2D} = {BB58EDDE-E8E2-4E9D-ACA1-EB61DCE03D47}
		{3CF04CE4-9A61-4F01-A07C-2F1321AA5828} = {0DD556CE-99A3-40B3-9A0C-FC80D1CC2D2D}
		{B60FEEC0-D2B3-472E-B541-57B429FEEE4F} = {0DD556CE-99A3-40B3-9A0C-FC80D1CC2D2D}
		{8C305E57-8DD3-49D8-A3EC-D9959BAA333E} = {0DD556CE-99A3-40B3-9A0C-FC80D1CC2D2D}
		{A43923C3-3448-4C59-866E-9F691D91E205} = {0DD556CE-99A3-40B3-9A0C-FC80D1CC2D2D}
		{90000627-DAE0-4FCA-9A64-250ACB5733DC} = {BB58EDDE-E8E2-4E9D-ACA1-EB61DCE03D47}
		{AAB8CF78-F54E-4BA0-9D3C-8D6D4F2517C3} = {90000627-DAE0-4FCA-9A64-250ACB5733DC}
		{E710B43B-E667-42E1-BDBE-81F937782388} = {90000627-DAE0-4FCA-9A64-250ACB5733DC}
		{53AA4D8D-A135-4FF1-9AB7-807C1BCCF137} = {90000627-DAE0-4FCA-9A64-250ACB5733DC}
		{304135A5-6772-46E1-A905-4CE799583B86} = {90000627-DAE0-4FCA-9A64-250ACB5733DC}
		{F9C8156F-1B0B-4964-BA66-577BCE4254DF} = {BB58EDDE-E8E2-4E9D-ACA1-EB61DCE03D47}
		{E9E6EADD-373A-4B29-8ADD-F0C889E9D65E} = {F9C8156F-1B0B-4964-BA66-577BCE4254DF}
		{B660DD78-727F-42ED-BC1D-4A9DB5D80BA4} = {F9C8156F-1B0B-4964-BA66-577BCE4254DF}
		{4E8240C2-B15B-435E-80DC-5361AA1915C8} = {F9C8156F-1B0B-4964-BA66-577BCE4254DF}
		{2C075835-34F2-4E59-9D14-B3F4122B35DA} = {F9C8156F-1B0B-4964-BA66-577BCE4254DF}
	EndGlobalSection
	GlobalSection(ExtensibilityGlobals) = postSolution
		SolutionGuid = {0C71DD1E-42FB-46A0-8E83-0CFDC3979405}
	EndGlobalSection
EndGlobal
